
Microsoft Visual Studio Solution File, Format Version 12.00
# Visual Studio 2017
Project("{FAE04EC0-301F-11D3-BF4B-00C04F79EFBC}") = "Pokemon Odyssey.Plugins", "Pokemon Odyssey.Plugins.csproj", "{2CC1EC7D-5159-6140-1CC1-04C0AEA4891E}"
EndProject
Project("{FAE04EC0-301F-11D3-BF4B-00C04F79EFBC}") = "Pokemon Odyssey", "Pokemon Odyssey.csproj", "{BBD3B30B-B054-337B-ABDD-4A9F225040FC}"
EndProject
Project("{FAE04EC0-301F-11D3-BF4B-00C04F79EFBC}") = "Pokemon Odyssey.Editor.Plugins", "Pokemon Odyssey.Editor.Plugins.csproj", "{0C7D6BD6-4C66-CA65-D090-2F9F5D3DEE6B}"
EndProject
Global
	GlobalSection(SolutionConfigurationPlatforms) = preSolution
		Debug|Any CPU = Debug|Any CPU
		Release|Any CPU = Release|Any CPU
	EndGlobalSection
	GlobalSection(ProjectConfigurationPlatforms) = postSolution
		{2CC1EC7D-5159-6140-1CC1-04C0AEA4891E}.Debug|Any CPU.ActiveCfg = Debug|Any CPU
		{2CC1EC7D-5159-6140-1CC1-04C0AEA4891E}.Debug|Any CPU.Build.0 = Debug|Any CPU
		{2CC1EC7D-5159-6140-1CC1-04C0AEA4891E}.Release|Any CPU.ActiveCfg = Release|Any CPU
		{2CC1EC7D-5159-6140-1CC1-04C0AEA4891E}.Release|Any CPU.Build.0 = Release|Any CPU
		{BBD3B30B-B054-337B-ABDD-4A9F225040FC}.Debug|Any CPU.ActiveCfg = Debug|Any CPU
		{BBD3B30B-B054-337B-ABDD-4A9F225040FC}.Debug|Any CPU.Build.0 = Debug|Any CPU
		{BBD3B30B-B054-337B-ABDD-4A9F225040FC}.Release|Any CPU.ActiveCfg = Release|Any CPU
		{BBD3B30B-B054-337B-ABDD-4A9F225040FC}.Release|Any CPU.Build.0 = Release|Any CPU
		{0C7D6BD6-4C66-CA65-D090-2F9F5D3DEE6B}.Debug|Any CPU.ActiveCfg = Debug|Any CPU
		{0C7D6BD6-4C66-CA65-D090-2F9F5D3DEE6B}.Debug|Any CPU.Build.0 = Debug|Any CPU
		{0C7D6BD6-4C66-CA65-D090-2F9F5D3DEE6B}.Release|Any CPU.ActiveCfg = Release|Any CPU
		{0C7D6BD6-4C66-CA65-D090-2F9F5D3DEE6B}.Release|Any CPU.Build.0 = Release|Any CPU
	EndGlobalSection
	GlobalSection(SolutionProperties) = preSolution
		HideSolutionNode = FALSE
	EndGlobalSection
EndGlobal
